
Microsoft Visual Studio Solution File, Format Version 11.00
# Visual Studio 2010
Project("{2150E333-8FDC-42A3-9474-1A3956D46DE8}") = "UnitTest", "UnitTest", "{82765E64-3654-4490-A92F-490F7889560B}"
EndProject
Project("{2150E333-8FDC-42A3-9474-1A3956D46DE8}") = "Mail", "Mail", "{6470D195-E34B-4A6E-8616-8C2D2B5DB6B2}"
EndProject
Project("{2150E333-8FDC-42A3-9474-1A3956D46DE8}") = "USBKey", "USBKey", "{CE2E5982-DDA3-4F80-BC53-D257D0EEBE2A}"
EndProject
Project("{FAE04EC0-301F-11D3-BF4B-00C04F79EFBC}") = "ShiXin.Security", "ShiXin.Security\ShiXin.Security.csproj", "{4A4A5043-CF66-4F0E-BF07-A164A2FC855E}"
EndProject
Project("{FAE04EC0-301F-11D3-BF4B-00C04F79EFBC}") = "Evaluant.Calculator", "Evaluant.Calculator\Evaluant.Calculator.csproj", "{5F014003-50D8-49E0-8AFE-91D38DCCC97C}"
EndProject
Project("{FAE04EC0-301F-11D3-BF4B-00C04F79EFBC}") = "Evaluant.Calculator.Extensions", "Evaluant.Calculator.Extensions\Evaluant.Calculator.Extensions.csproj", "{A746F820-6227-449D-9F4E-E6F89FF80894}"
EndProject
Project("{FAE04EC0-301F-11D3-BF4B-00C04F79EFBC}") = "Evaluant.Calculator.Extensions.UnitTest", "Evaluant.Calculator.Extensions.UnitTest\Evaluant.Calculator.Extensions.UnitTest.csproj", "{29872FE5-F769-4AE7-A4D0-E248E8E61180}"
EndProject
Project("{FAE04EC0-301F-11D3-BF4B-00C04F79EFBC}") = "Evaluant.Calculator.UnitTest", "Evaluant.Calculator.UnitTest\Evaluant.Calculator.UnitTest.csproj", "{37BA7FE6-8A74-47A5-BD4C-EB1FB1F958D8}"
EndProject
Project("{FAE04EC0-301F-11D3-BF4B-00C04F79EFBC}") = "ShiXin.SecurityUnitTest", "ShiXin.SecurityUnitTest\ShiXin.SecurityUnitTest.csproj", "{FC1C13B8-A52E-4008-B81C-3627A4A94787}"
EndProject
Project("{FAE04EC0-301F-11D3-BF4B-00C04F79EFBC}") = "Mail", "Mail\Mail.csproj", "{2A2B2233-A3B8-44E0-B5D8-7777DC459EC0}"
EndProject
Project("{FAE04EC0-301F-11D3-BF4B-00C04F79EFBC}") = "Mail.UnitTest", "Mail.UnitTest\Mail.UnitTest.csproj", "{D3D0D146-D785-438B-8934-E5C7EB338682}"
EndProject
Project("{FAE04EC0-301F-11D3-BF4B-00C04F79EFBC}") = "MailConsoleHost", "MailConsoleHost\MailConsoleHost.csproj", "{65BB89EC-ED6A-44EC-8208-B777B548DAB7}"
EndProject
Project("{FAE04EC0-301F-11D3-BF4B-00C04F79EFBC}") = "MailTestApplication", "MailTestApplication\MailTestApplication.csproj", "{EE73BB86-59ED-4A86-83F8-E5D22B243A97}"
EndProject
Project("{FAE04EC0-301F-11D3-BF4B-00C04F79EFBC}") = "MailWindowsService", "MailWindowsService\MailWindowsService.csproj", "{5C904775-5B20-4060-A6A5-0EB92FBEC5F8}"
EndProject
Project("{FAE04EC0-301F-11D3-BF4B-00C04F79EFBC}") = "UsbGetterByAPI", "UsbGetterByAPI\UsbGetterByAPI.csproj", "{D9F213A1-5A28-48CC-8412-D33986BAC30C}"
EndProject
Project("{54435603-DBB4-11D2-8724-00A0C9A8B90C}") = "UsbKeyGetter", "UsbKeyGetter\UsbKeyGetter.vdproj", "{F9491681-DB33-440C-BF26-D175A57A3B47}"
EndProject
Global
	GlobalSection(SolutionConfigurationPlatforms) = preSolution
		Debug|Any CPU = Debug|Any CPU
		Release|Any CPU = Release|Any CPU
	EndGlobalSection
	GlobalSection(ProjectConfigurationPlatforms) = postSolution
		{4A4A5043-CF66-4F0E-BF07-A164A2FC855E}.Debug|Any CPU.ActiveCfg = Debug|Any CPU
		{4A4A5043-CF66-4F0E-BF07-A164A2FC855E}.Debug|Any CPU.Build.0 = Debug|Any CPU
		{4A4A5043-CF66-4F0E-BF07-A164A2FC855E}.Release|Any CPU.ActiveCfg = Release|Any CPU
		{4A4A5043-CF66-4F0E-BF07-A164A2FC855E}.Release|Any CPU.Build.0 = Release|Any CPU
		{5F014003-50D8-49E0-8AFE-91D38DCCC97C}.Debug|Any CPU.ActiveCfg = Debug|Any CPU
		{5F014003-50D8-49E0-8AFE-91D38DCCC97C}.Debug|Any CPU.Build.0 = Debug|Any CPU
		{5F014003-50D8-49E0-8AFE-91D38DCCC97C}.Release|Any CPU.ActiveCfg = Release|Any CPU
		{5F014003-50D8-49E0-8AFE-91D38DCCC97C}.Release|Any CPU.Build.0 = Release|Any CPU
		{A746F820-6227-449D-9F4E-E6F89FF80894}.Debug|Any CPU.ActiveCfg = Debug|Any CPU
		{A746F820-6227-449D-9F4E-E6F89FF80894}.Debug|Any CPU.Build.0 = Debug|Any CPU
		{A746F820-6227-449D-9F4E-E6F89FF80894}.Release|Any CPU.ActiveCfg = Release|Any CPU
		{A746F820-6227-449D-9F4E-E6F89FF80894}.Release|Any CPU.Build.0 = Release|Any CPU
		{29872FE5-F769-4AE7-A4D0-E248E8E61180}.Debug|Any CPU.ActiveCfg = Debug|Any CPU
		{29872FE5-F769-4AE7-A4D0-E248E8E61180}.Debug|Any CPU.Build.0 = Debug|Any CPU
		{29872FE5-F769-4AE7-A4D0-E248E8E61180}.Release|Any CPU.ActiveCfg = Release|Any CPU
		{29872FE5-F769-4AE7-A4D0-E248E8E61180}.Release|Any CPU.Build.0 = Release|Any CPU
		{37BA7FE6-8A74-47A5-BD4C-EB1FB1F958D8}.Debug|Any CPU.ActiveCfg = Debug|Any CPU
		{37BA7FE6-8A74-47A5-BD4C-EB1FB1F958D8}.Debug|Any CPU.Build.0 = Debug|Any CPU
		{37BA7FE6-8A74-47A5-BD4C-EB1FB1F958D8}.Release|Any CPU.ActiveCfg = Release|Any CPU
		{37BA7FE6-8A74-47A5-BD4C-EB1FB1F958D8}.Release|Any CPU.Build.0 = Release|Any CPU
		{FC1C13B8-A52E-4008-B81C-3627A4A94787}.Debug|Any CPU.ActiveCfg = Debug|Any CPU
		{FC1C13B8-A52E-4008-B81C-3627A4A94787}.Debug|Any CPU.Build.0 = Debug|Any CPU
		{FC1C13B8-A52E-4008-B81C-3627A4A94787}.Release|Any CPU.ActiveCfg = Release|Any CPU
		{FC1C13B8-A52E-4008-B81C-3627A4A94787}.Release|Any CPU.Build.0 = Release|Any CPU
		{2A2B2233-A3B8-44E0-B5D8-7777DC459EC0}.Debug|Any CPU.ActiveCfg = Debug|Any CPU
		{2A2B2233-A3B8-44E0-B5D8-7777DC459EC0}.Debug|Any CPU.Build.0 = Debug|Any CPU
		{2A2B2233-A3B8-44E0-B5D8-7777DC459EC0}.Release|Any CPU.ActiveCfg = Release|Any CPU
		{2A2B2233-A3B8-44E0-B5D8-7777DC459EC0}.Release|Any CPU.Build.0 = Release|Any CPU
		{D3D0D146-D785-438B-8934-E5C7EB338682}.Debug|Any CPU.ActiveCfg = Debug|Any CPU
		{D3D0D146-D785-438B-8934-E5C7EB338682}.Debug|Any CPU.Build.0 = Debug|Any CPU
		{D3D0D146-D785-438B-8934-E5C7EB338682}.Release|Any CPU.ActiveCfg = Release|Any CPU
		{D3D0D146-D785-438B-8934-E5C7EB338682}.Release|Any CPU.Build.0 = Release|Any CPU
		{65BB89EC-ED6A-44EC-8208-B777B548DAB7}.Debug|Any CPU.ActiveCfg = Debug|Any CPU
		{65BB89EC-ED6A-44EC-8208-B777B548DAB7}.Debug|Any CPU.Build.0 = Debug|Any CPU
		{65BB89EC-ED6A-44EC-8208-B777B548DAB7}.Release|Any CPU.ActiveCfg = Release|Any CPU
		{65BB89EC-ED6A-44EC-8208-B777B548DAB7}.Release|Any CPU.Build.0 = Release|Any CPU
		{EE73BB86-59ED-4A86-83F8-E5D22B243A97}.Debug|Any CPU.ActiveCfg = Debug|Any CPU
		{EE73BB86-59ED-4A86-83F8-E5D22B243A97}.Debug|Any CPU.Build.0 = Debug|Any CPU
		{EE73BB86-59ED-4A86-83F8-E5D22B243A97}.Release|Any CPU.ActiveCfg = Release|Any CPU
		{EE73BB86-59ED-4A86-83F8-E5D22B243A97}.Release|Any CPU.Build.0 = Release|Any CPU
		{5C904775-5B20-4060-A6A5-0EB92FBEC5F8}.Debug|Any CPU.ActiveCfg = Debug|Any CPU
		{5C904775-5B20-4060-A6A5-0EB92FBEC5F8}.Debug|Any CPU.Build.0 = Debug|Any CPU
		{5C904775-5B20-4060-A6A5-0EB92FBEC5F8}.Release|Any CPU.ActiveCfg = Release|Any CPU
		{5C904775-5B20-4060-A6A5-0EB92FBEC5F8}.Release|Any CPU.Build.0 = Release|Any CPU
		{D9F213A1-5A28-48CC-8412-D33986BAC30C}.Debug|Any CPU.ActiveCfg = Debug|Any CPU
		{D9F213A1-5A28-48CC-8412-D33986BAC30C}.Debug|Any CPU.Build.0 = Debug|Any CPU
		{D9F213A1-5A28-48CC-8412-D33986BAC30C}.Release|Any CPU.ActiveCfg = Release|Any CPU
		{D9F213A1-5A28-48CC-8412-D33986BAC30C}.Release|Any CPU.Build.0 = Release|Any CPU
		{F9491681-DB33-440C-BF26-D175A57A3B47}.Debug|Any CPU.ActiveCfg = Debug
		{F9491681-DB33-440C-BF26-D175A57A3B47}.Debug|Any CPU.Build.0 = Debug
		{F9491681-DB33-440C-BF26-D175A57A3B47}.Release|Any CPU.ActiveCfg = Release
		{F9491681-DB33-440C-BF26-D175A57A3B47}.Release|Any CPU.Build.0 = Release
	EndGlobalSection
	GlobalSection(SolutionProperties) = preSolution
		HideSolutionNode = FALSE
	EndGlobalSection
	GlobalSection(NestedProjects) = preSolution
		{29872FE5-F769-4AE7-A4D0-E248E8E61180} = {82765E64-3654-4490-A92F-490F7889560B}
		{37BA7FE6-8A74-47A5-BD4C-EB1FB1F958D8} = {82765E64-3654-4490-A92F-490F7889560B}
		{FC1C13B8-A52E-4008-B81C-3627A4A94787} = {82765E64-3654-4490-A92F-490F7889560B}
		{D3D0D146-D785-438B-8934-E5C7EB338682} = {82765E64-3654-4490-A92F-490F7889560B}
		{2A2B2233-A3B8-44E0-B5D8-7777DC459EC0} = {6470D195-E34B-4A6E-8616-8C2D2B5DB6B2}
		{65BB89EC-ED6A-44EC-8208-B777B548DAB7} = {6470D195-E34B-4A6E-8616-8C2D2B5DB6B2}
		{EE73BB86-59ED-4A86-83F8-E5D22B243A97} = {6470D195-E34B-4A6E-8616-8C2D2B5DB6B2}
		{5C904775-5B20-4060-A6A5-0EB92FBEC5F8} = {6470D195-E34B-4A6E-8616-8C2D2B5DB6B2}
		{D9F213A1-5A28-48CC-8412-D33986BAC30C} = {CE2E5982-DDA3-4F80-BC53-D257D0EEBE2A}
		{F9491681-DB33-440C-BF26-D175A57A3B47} = {CE2E5982-DDA3-4F80-BC53-D257D0EEBE2A}
	EndGlobalSection
EndGlobal
