
Microsoft Visual Studio Solution File, Format Version 11.00
# Visual Studio 2010
Project("{2150E333-8FDC-42A3-9474-1A3956D46DE8}") = "UnitTest", "UnitTest", "{17A6590A-F508-4985-921A-344D5633AFE9}"
EndProject
Project("{FAE04EC0-301F-11D3-BF4B-00C04F79EFBC}") = "SEP.HRMIS.Model", "SEP.HRMIS.Model\SEP.HRMIS.Model.csproj", "{D132897B-2732-4190-B50C-85D67594DDA8}"
EndProject
Project("{FAE04EC0-301F-11D3-BF4B-00C04F79EFBC}") = "SEP.HRMIS.SqlServerDal", "SEP.HRMIS.SqlServerDal\SEP.HRMIS.SqlServerDal.csproj", "{ABECB284-B369-45F4-AE05-AF886F19501D}"
EndProject
Project("{FAE04EC0-301F-11D3-BF4B-00C04F79EFBC}") = "SEP.HRMIS.IDal", "SEP.HRMIS.IDal\SEP.HRMIS.IDal.csproj", "{9149D4B8-2BCD-42C9-BCB3-A14C796172B6}"
EndProject
Project("{FAE04EC0-301F-11D3-BF4B-00C04F79EFBC}") = "SEP.HRMIS.IFacede", "SEP.HRMIS.IFacede\SEP.HRMIS.IFacede.csproj", "{0E1621D8-6546-4D69-9591-0D4AC1518461}"
EndProject
Project("{FAE04EC0-301F-11D3-BF4B-00C04F79EFBC}") = "SEP.HRMIS.Facade", "SEP.HRMIS.Facade\SEP.HRMIS.Facade.csproj", "{C4AE9EBB-FDC5-40D4-90E3-FC0934D1E578}"
EndProject
Project("{FAE04EC0-301F-11D3-BF4B-00C04F79EFBC}") = "SEP.HRMIS.DalFactory", "SEP.HRMIS.DalFactory\SEP.HRMIS.DalFactory.csproj", "{EB81BCC2-50EA-467E-87DC-04E737D40179}"
EndProject
Project("{FAE04EC0-301F-11D3-BF4B-00C04F79EFBC}") = "SEP.HRMIS.Bll", "SEP.HRMIS.Bll\SEP.HRMIS.Bll.csproj", "{22CBE127-3F41-4020-A613-E90A476B7B9C}"
EndProject
Project("{FAE04EC0-301F-11D3-BF4B-00C04F79EFBC}") = "SEP.HRMIS.DataAccess", "SEP.HRMIS.DataAccess\SEP.HRMIS.DataAccess.csproj", "{31B71396-EA51-47BC-BD25-14AFA129B24C}"
EndProject
Project("{FAE04EC0-301F-11D3-BF4B-00C04F79EFBC}") = "SEP.HRMIS.Entity", "SEP.HRMIS.Entity\SEP.HRMIS.Entity.csproj", "{C871BAE6-8FA7-413F-8CD9-D150401FAF50}"
EndProject
Project("{FAE04EC0-301F-11D3-BF4B-00C04F79EFBC}") = "SEP.HRMIS.Logic", "SEP.HRMIS.Logic\SEP.HRMIS.Logic.csproj", "{80228CF5-D488-4C24-8D9D-B4FCA3561DD7}"
EndProject
Global
	GlobalSection(SolutionConfigurationPlatforms) = preSolution
		Debug|Any CPU = Debug|Any CPU
		Release|Any CPU = Release|Any CPU
	EndGlobalSection
	GlobalSection(ProjectConfigurationPlatforms) = postSolution
		{D132897B-2732-4190-B50C-85D67594DDA8}.Debug|Any CPU.ActiveCfg = Debug|Any CPU
		{D132897B-2732-4190-B50C-85D67594DDA8}.Debug|Any CPU.Build.0 = Debug|Any CPU
		{D132897B-2732-4190-B50C-85D67594DDA8}.Release|Any CPU.ActiveCfg = Release|Any CPU
		{D132897B-2732-4190-B50C-85D67594DDA8}.Release|Any CPU.Build.0 = Release|Any CPU
		{ABECB284-B369-45F4-AE05-AF886F19501D}.Debug|Any CPU.ActiveCfg = Debug|Any CPU
		{ABECB284-B369-45F4-AE05-AF886F19501D}.Debug|Any CPU.Build.0 = Debug|Any CPU
		{ABECB284-B369-45F4-AE05-AF886F19501D}.Release|Any CPU.ActiveCfg = Release|Any CPU
		{ABECB284-B369-45F4-AE05-AF886F19501D}.Release|Any CPU.Build.0 = Release|Any CPU
		{9149D4B8-2BCD-42C9-BCB3-A14C796172B6}.Debug|Any CPU.ActiveCfg = Debug|Any CPU
		{9149D4B8-2BCD-42C9-BCB3-A14C796172B6}.Debug|Any CPU.Build.0 = Debug|Any CPU
		{9149D4B8-2BCD-42C9-BCB3-A14C796172B6}.Release|Any CPU.ActiveCfg = Release|Any CPU
		{9149D4B8-2BCD-42C9-BCB3-A14C796172B6}.Release|Any CPU.Build.0 = Release|Any CPU
		{0E1621D8-6546-4D69-9591-0D4AC1518461}.Debug|Any CPU.ActiveCfg = Debug|Any CPU
		{0E1621D8-6546-4D69-9591-0D4AC1518461}.Debug|Any CPU.Build.0 = Debug|Any CPU
		{0E1621D8-6546-4D69-9591-0D4AC1518461}.Release|Any CPU.ActiveCfg = Release|Any CPU
		{0E1621D8-6546-4D69-9591-0D4AC1518461}.Release|Any CPU.Build.0 = Release|Any CPU
		{C4AE9EBB-FDC5-40D4-90E3-FC0934D1E578}.Debug|Any CPU.ActiveCfg = Debug|Any CPU
		{C4AE9EBB-FDC5-40D4-90E3-FC0934D1E578}.Debug|Any CPU.Build.0 = Debug|Any CPU
		{C4AE9EBB-FDC5-40D4-90E3-FC0934D1E578}.Release|Any CPU.ActiveCfg = Release|Any CPU
		{C4AE9EBB-FDC5-40D4-90E3-FC0934D1E578}.Release|Any CPU.Build.0 = Release|Any CPU
		{EB81BCC2-50EA-467E-87DC-04E737D40179}.Debug|Any CPU.ActiveCfg = Debug|Any CPU
		{EB81BCC2-50EA-467E-87DC-04E737D40179}.Debug|Any CPU.Build.0 = Debug|Any CPU
		{EB81BCC2-50EA-467E-87DC-04E737D40179}.Release|Any CPU.ActiveCfg = Release|Any CPU
		{EB81BCC2-50EA-467E-87DC-04E737D40179}.Release|Any CPU.Build.0 = Release|Any CPU
		{22CBE127-3F41-4020-A613-E90A476B7B9C}.Debug|Any CPU.ActiveCfg = Debug|Any CPU
		{22CBE127-3F41-4020-A613-E90A476B7B9C}.Debug|Any CPU.Build.0 = Debug|Any CPU
		{22CBE127-3F41-4020-A613-E90A476B7B9C}.Release|Any CPU.ActiveCfg = Release|Any CPU
		{22CBE127-3F41-4020-A613-E90A476B7B9C}.Release|Any CPU.Build.0 = Release|Any CPU
		{31B71396-EA51-47BC-BD25-14AFA129B24C}.Debug|Any CPU.ActiveCfg = Debug|Any CPU
		{31B71396-EA51-47BC-BD25-14AFA129B24C}.Debug|Any CPU.Build.0 = Debug|Any CPU
		{31B71396-EA51-47BC-BD25-14AFA129B24C}.Release|Any CPU.ActiveCfg = Release|Any CPU
		{31B71396-EA51-47BC-BD25-14AFA129B24C}.Release|Any CPU.Build.0 = Release|Any CPU
		{C871BAE6-8FA7-413F-8CD9-D150401FAF50}.Debug|Any CPU.ActiveCfg = Debug|Any CPU
		{C871BAE6-8FA7-413F-8CD9-D150401FAF50}.Debug|Any CPU.Build.0 = Debug|Any CPU
		{C871BAE6-8FA7-413F-8CD9-D150401FAF50}.Release|Any CPU.ActiveCfg = Release|Any CPU
		{C871BAE6-8FA7-413F-8CD9-D150401FAF50}.Release|Any CPU.Build.0 = Release|Any CPU
		{80228CF5-D488-4C24-8D9D-B4FCA3561DD7}.Debug|Any CPU.ActiveCfg = Debug|Any CPU
		{80228CF5-D488-4C24-8D9D-B4FCA3561DD7}.Debug|Any CPU.Build.0 = Debug|Any CPU
		{80228CF5-D488-4C24-8D9D-B4FCA3561DD7}.Release|Any CPU.ActiveCfg = Release|Any CPU
		{80228CF5-D488-4C24-8D9D-B4FCA3561DD7}.Release|Any CPU.Build.0 = Release|Any CPU
	EndGlobalSection
	GlobalSection(SolutionProperties) = preSolution
		HideSolutionNode = FALSE
	EndGlobalSection
EndGlobal
