
Microsoft Visual Studio Solution File, Format Version 11.00
# Visual Studio 2010
Project("{2150E333-8FDC-42A3-9474-1A3956D46DE8}") = "Service", "Service", "{E1723012-3950-44FD-B81B-D9FDCA2B65C2}"
EndProject
Project("{2150E333-8FDC-42A3-9474-1A3956D46DE8}") = "Client", "Client", "{76F4E46F-191D-4C3F-A9EE-885DB4DB8B43}"
EndProject
Project("{2150E333-8FDC-42A3-9474-1A3956D46DE8}") = "ControllClient", "ControllClient", "{A8E7F81D-CFE6-4D6A-87C9-8BDB032825A9}"
EndProject
Project("{2150E333-8FDC-42A3-9474-1A3956D46DE8}") = "DataClient", "DataClient", "{97BB3A0F-F159-4287-83E6-0345AA761DCE}"
EndProject
Project("{2150E333-8FDC-42A3-9474-1A3956D46DE8}") = "Tests", "Tests", "{DBBF66CB-2197-4094-8378-381699B0C4A2}"
EndProject
Project("{2150E333-8FDC-42A3-9474-1A3956D46DE8}") = "ServerTests", "ServerTests", "{BB34FDC9-4848-4BD7-BCB4-1D0C36B0A175}"
EndProject
Project("{FAE04EC0-301F-11D3-BF4B-00C04F79EFBC}") = "MachineDll", "MachineDll\MachineDll.csproj", "{4C8B849D-6508-49A1-BBB6-8E7292A32EA8}"
EndProject
Project("{FAE04EC0-301F-11D3-BF4B-00C04F79EFBC}") = "WindowsServerHostSmsServer", "SmsWindowsService\WindowsServerHostSmsServer.csproj", "{B9B537FE-0DC8-4900-9184-6BC609ED85AD}"
EndProject
Project("{FAE04EC0-301F-11D3-BF4B-00C04F79EFBC}") = "ConsoleClientHost", "ConsoleClientHost\ConsoleClientHost.csproj", "{03C6EF7A-586D-4E9F-BA1F-8083D3BF86C2}"
EndProject
Project("{FAE04EC0-301F-11D3-BF4B-00C04F79EFBC}") = "SmsClientServices", "SmsClientServices\SmsClientServices.csproj", "{4E180D88-F8BC-41CF-8222-ED6A4DCA8B13}"
EndProject
Project("{FAE04EC0-301F-11D3-BF4B-00C04F79EFBC}") = "WebControlClient", "WebControlClient\WebControlClient.csproj", "{09D034BF-933B-483E-9997-36E705B0A14A}"
EndProject
Project("{FAE04EC0-301F-11D3-BF4B-00C04F79EFBC}") = "WebDataClient", "WebDataClient\WebDataClient.csproj", "{6539DB23-7D92-4D89-BEC8-AD16BF7F9C0C}"
EndProject
Project("{FAE04EC0-301F-11D3-BF4B-00C04F79EFBC}") = "ClientServiecTest", "ClientServiecTest\ClientServiecTest.csproj", "{E0BDF2CA-0900-40DB-BD18-6351184E40B5}"
EndProject
Project("{FAE04EC0-301F-11D3-BF4B-00C04F79EFBC}") = "ServerFunctionTest", "ServerFunctionTest\ServerFunctionTest.csproj", "{AFF80855-69C5-47E8-8D11-09EB611A6521}"
EndProject
Project("{FAE04EC0-301F-11D3-BF4B-00C04F79EFBC}") = "SqlServerDal", "SqlServerDal\SqlServerDal.csproj", "{B9BF1DA4-14D9-4A53-86F6-6772517E133A}"
EndProject
Project("{FAE04EC0-301F-11D3-BF4B-00C04F79EFBC}") = "ConsoleHostSmsServer", "ConsoleHostServer\ConsoleHostSmsServer.csproj", "{0CAF15C0-A254-4E25-9B75-8CB8F923C1B9}"
EndProject
Project("{FAE04EC0-301F-11D3-BF4B-00C04F79EFBC}") = "ConsumeSmsClientService", "ConsumeSmsClientService\ConsumeSmsClientService.csproj", "{52E2F6E4-9297-41D9-9A94-4AB6267C1BDE}"
EndProject
Project("{FAE04EC0-301F-11D3-BF4B-00C04F79EFBC}") = "ProvideSmsServerServices", "ProvideSmsServerServices\ProvideSmsServerServices.csproj", "{7B7F0C8A-C8BC-4490-95F2-7736AE75DB0F}"
EndProject
Project("{FAE04EC0-301F-11D3-BF4B-00C04F79EFBC}") = "SmsDataContract", "SmsDataContract\SmsDataContract.csproj", "{EF1F9D41-C3FE-40F8-A15F-FDBAD7997603}"
EndProject
Project("{FAE04EC0-301F-11D3-BF4B-00C04F79EFBC}") = "SmsControlContract", "SmsControlContract\SmsControlContract.csproj", "{A34873AC-66FA-4EB1-8454-851E2EA161C9}"
EndProject
Project("{FAE04EC0-301F-11D3-BF4B-00C04F79EFBC}") = "ControllInterfaceTest", "ControllInterfaceTest\ControllInterfaceTest.csproj", "{78528ECA-9150-4E87-9E74-ACDBB12A4BA5}"
EndProject
Project("{FAE04EC0-301F-11D3-BF4B-00C04F79EFBC}") = "Logs", "Logs\Logs.csproj", "{C7FFB4D1-E532-4716-B73C-C581386475B0}"
EndProject
Project("{54435603-DBB4-11D2-8724-00A0C9A8B90C}") = "SmsService.Setup", "SmsService.Setup\SmsService.Setup.vdproj", "{1695D5FE-D6BB-4D11-BB4B-D979EBCB8CBE}"
EndProject
Project("{FAE04EC0-301F-11D3-BF4B-00C04F79EFBC}") = "SetupClassLibrary", "SetupClassLibrary\SetupClassLibrary.csproj", "{0CA9C18B-B541-49C5-9A6B-EC53DF5C969D}"
EndProject
Global
	GlobalSection(SolutionConfigurationPlatforms) = preSolution
		Debug|Any CPU = Debug|Any CPU
		Release|Any CPU = Release|Any CPU
	EndGlobalSection
	GlobalSection(ProjectConfigurationPlatforms) = postSolution
		{4C8B849D-6508-49A1-BBB6-8E7292A32EA8}.Debug|Any CPU.ActiveCfg = Debug|Any CPU
		{4C8B849D-6508-49A1-BBB6-8E7292A32EA8}.Debug|Any CPU.Build.0 = Debug|Any CPU
		{4C8B849D-6508-49A1-BBB6-8E7292A32EA8}.Release|Any CPU.ActiveCfg = Release|Any CPU
		{4C8B849D-6508-49A1-BBB6-8E7292A32EA8}.Release|Any CPU.Build.0 = Release|Any CPU
		{B9B537FE-0DC8-4900-9184-6BC609ED85AD}.Debug|Any CPU.ActiveCfg = Debug|Any CPU
		{B9B537FE-0DC8-4900-9184-6BC609ED85AD}.Debug|Any CPU.Build.0 = Debug|Any CPU
		{B9B537FE-0DC8-4900-9184-6BC609ED85AD}.Release|Any CPU.ActiveCfg = Release|Any CPU
		{B9B537FE-0DC8-4900-9184-6BC609ED85AD}.Release|Any CPU.Build.0 = Release|Any CPU
		{03C6EF7A-586D-4E9F-BA1F-8083D3BF86C2}.Debug|Any CPU.ActiveCfg = Debug|Any CPU
		{03C6EF7A-586D-4E9F-BA1F-8083D3BF86C2}.Debug|Any CPU.Build.0 = Debug|Any CPU
		{03C6EF7A-586D-4E9F-BA1F-8083D3BF86C2}.Release|Any CPU.ActiveCfg = Release|Any CPU
		{03C6EF7A-586D-4E9F-BA1F-8083D3BF86C2}.Release|Any CPU.Build.0 = Release|Any CPU
		{4E180D88-F8BC-41CF-8222-ED6A4DCA8B13}.Debug|Any CPU.ActiveCfg = Debug|Any CPU
		{4E180D88-F8BC-41CF-8222-ED6A4DCA8B13}.Debug|Any CPU.Build.0 = Debug|Any CPU
		{4E180D88-F8BC-41CF-8222-ED6A4DCA8B13}.Release|Any CPU.ActiveCfg = Release|Any CPU
		{4E180D88-F8BC-41CF-8222-ED6A4DCA8B13}.Release|Any CPU.Build.0 = Release|Any CPU
		{09D034BF-933B-483E-9997-36E705B0A14A}.Debug|Any CPU.ActiveCfg = Debug|Any CPU
		{09D034BF-933B-483E-9997-36E705B0A14A}.Debug|Any CPU.Build.0 = Debug|Any CPU
		{09D034BF-933B-483E-9997-36E705B0A14A}.Release|Any CPU.ActiveCfg = Release|Any CPU
		{09D034BF-933B-483E-9997-36E705B0A14A}.Release|Any CPU.Build.0 = Release|Any CPU
		{6539DB23-7D92-4D89-BEC8-AD16BF7F9C0C}.Debug|Any CPU.ActiveCfg = Debug|Any CPU
		{6539DB23-7D92-4D89-BEC8-AD16BF7F9C0C}.Debug|Any CPU.Build.0 = Debug|Any CPU
		{6539DB23-7D92-4D89-BEC8-AD16BF7F9C0C}.Release|Any CPU.ActiveCfg = Release|Any CPU
		{6539DB23-7D92-4D89-BEC8-AD16BF7F9C0C}.Release|Any CPU.Build.0 = Release|Any CPU
		{E0BDF2CA-0900-40DB-BD18-6351184E40B5}.Debug|Any CPU.ActiveCfg = Debug|Any CPU
		{E0BDF2CA-0900-40DB-BD18-6351184E40B5}.Debug|Any CPU.Build.0 = Debug|Any CPU
		{E0BDF2CA-0900-40DB-BD18-6351184E40B5}.Release|Any CPU.ActiveCfg = Release|Any CPU
		{E0BDF2CA-0900-40DB-BD18-6351184E40B5}.Release|Any CPU.Build.0 = Release|Any CPU
		{AFF80855-69C5-47E8-8D11-09EB611A6521}.Debug|Any CPU.ActiveCfg = Debug|Any CPU
		{AFF80855-69C5-47E8-8D11-09EB611A6521}.Debug|Any CPU.Build.0 = Debug|Any CPU
		{AFF80855-69C5-47E8-8D11-09EB611A6521}.Release|Any CPU.ActiveCfg = Release|Any CPU
		{AFF80855-69C5-47E8-8D11-09EB611A6521}.Release|Any CPU.Build.0 = Release|Any CPU
		{B9BF1DA4-14D9-4A53-86F6-6772517E133A}.Debug|Any CPU.ActiveCfg = Debug|Any CPU
		{B9BF1DA4-14D9-4A53-86F6-6772517E133A}.Debug|Any CPU.Build.0 = Debug|Any CPU
		{B9BF1DA4-14D9-4A53-86F6-6772517E133A}.Release|Any CPU.ActiveCfg = Release|Any CPU
		{B9BF1DA4-14D9-4A53-86F6-6772517E133A}.Release|Any CPU.Build.0 = Release|Any CPU
		{0CAF15C0-A254-4E25-9B75-8CB8F923C1B9}.Debug|Any CPU.ActiveCfg = Debug|Any CPU
		{0CAF15C0-A254-4E25-9B75-8CB8F923C1B9}.Debug|Any CPU.Build.0 = Debug|Any CPU
		{0CAF15C0-A254-4E25-9B75-8CB8F923C1B9}.Release|Any CPU.ActiveCfg = Release|Any CPU
		{0CAF15C0-A254-4E25-9B75-8CB8F923C1B9}.Release|Any CPU.Build.0 = Release|Any CPU
		{52E2F6E4-9297-41D9-9A94-4AB6267C1BDE}.Debug|Any CPU.ActiveCfg = Debug|Any CPU
		{52E2F6E4-9297-41D9-9A94-4AB6267C1BDE}.Debug|Any CPU.Build.0 = Debug|Any CPU
		{52E2F6E4-9297-41D9-9A94-4AB6267C1BDE}.Release|Any CPU.ActiveCfg = Release|Any CPU
		{52E2F6E4-9297-41D9-9A94-4AB6267C1BDE}.Release|Any CPU.Build.0 = Release|Any CPU
		{7B7F0C8A-C8BC-4490-95F2-7736AE75DB0F}.Debug|Any CPU.ActiveCfg = Debug|Any CPU
		{7B7F0C8A-C8BC-4490-95F2-7736AE75DB0F}.Debug|Any CPU.Build.0 = Debug|Any CPU
		{7B7F0C8A-C8BC-4490-95F2-7736AE75DB0F}.Release|Any CPU.ActiveCfg = Release|Any CPU
		{7B7F0C8A-C8BC-4490-95F2-7736AE75DB0F}.Release|Any CPU.Build.0 = Release|Any CPU
		{EF1F9D41-C3FE-40F8-A15F-FDBAD7997603}.Debug|Any CPU.ActiveCfg = Debug|Any CPU
		{EF1F9D41-C3FE-40F8-A15F-FDBAD7997603}.Debug|Any CPU.Build.0 = Debug|Any CPU
		{EF1F9D41-C3FE-40F8-A15F-FDBAD7997603}.Release|Any CPU.ActiveCfg = Release|Any CPU
		{EF1F9D41-C3FE-40F8-A15F-FDBAD7997603}.Release|Any CPU.Build.0 = Release|Any CPU
		{A34873AC-66FA-4EB1-8454-851E2EA161C9}.Debug|Any CPU.ActiveCfg = Debug|Any CPU
		{A34873AC-66FA-4EB1-8454-851E2EA161C9}.Debug|Any CPU.Build.0 = Debug|Any CPU
		{A34873AC-66FA-4EB1-8454-851E2EA161C9}.Release|Any CPU.ActiveCfg = Release|Any CPU
		{A34873AC-66FA-4EB1-8454-851E2EA161C9}.Release|Any CPU.Build.0 = Release|Any CPU
		{78528ECA-9150-4E87-9E74-ACDBB12A4BA5}.Debug|Any CPU.ActiveCfg = Debug|Any CPU
		{78528ECA-9150-4E87-9E74-ACDBB12A4BA5}.Debug|Any CPU.Build.0 = Debug|Any CPU
		{78528ECA-9150-4E87-9E74-ACDBB12A4BA5}.Release|Any CPU.ActiveCfg = Release|Any CPU
		{78528ECA-9150-4E87-9E74-ACDBB12A4BA5}.Release|Any CPU.Build.0 = Release|Any CPU
		{C7FFB4D1-E532-4716-B73C-C581386475B0}.Debug|Any CPU.ActiveCfg = Debug|Any CPU
		{C7FFB4D1-E532-4716-B73C-C581386475B0}.Debug|Any CPU.Build.0 = Debug|Any CPU
		{C7FFB4D1-E532-4716-B73C-C581386475B0}.Release|Any CPU.ActiveCfg = Release|Any CPU
		{C7FFB4D1-E532-4716-B73C-C581386475B0}.Release|Any CPU.Build.0 = Release|Any CPU
		{1695D5FE-D6BB-4D11-BB4B-D979EBCB8CBE}.Debug|Any CPU.ActiveCfg = Debug
		{1695D5FE-D6BB-4D11-BB4B-D979EBCB8CBE}.Debug|Any CPU.Build.0 = Debug
		{1695D5FE-D6BB-4D11-BB4B-D979EBCB8CBE}.Release|Any CPU.ActiveCfg = Release
		{1695D5FE-D6BB-4D11-BB4B-D979EBCB8CBE}.Release|Any CPU.Build.0 = Release
		{0CA9C18B-B541-49C5-9A6B-EC53DF5C969D}.Debug|Any CPU.ActiveCfg = Debug|Any CPU
		{0CA9C18B-B541-49C5-9A6B-EC53DF5C969D}.Debug|Any CPU.Build.0 = Debug|Any CPU
		{0CA9C18B-B541-49C5-9A6B-EC53DF5C969D}.Release|Any CPU.ActiveCfg = Release|Any CPU
		{0CA9C18B-B541-49C5-9A6B-EC53DF5C969D}.Release|Any CPU.Build.0 = Release|Any CPU
	EndGlobalSection
	GlobalSection(SolutionProperties) = preSolution
		HideSolutionNode = FALSE
	EndGlobalSection
	GlobalSection(NestedProjects) = preSolution
		{4C8B849D-6508-49A1-BBB6-8E7292A32EA8} = {E1723012-3950-44FD-B81B-D9FDCA2B65C2}
		{B9B537FE-0DC8-4900-9184-6BC609ED85AD} = {E1723012-3950-44FD-B81B-D9FDCA2B65C2}
		{B9BF1DA4-14D9-4A53-86F6-6772517E133A} = {E1723012-3950-44FD-B81B-D9FDCA2B65C2}
		{0CAF15C0-A254-4E25-9B75-8CB8F923C1B9} = {E1723012-3950-44FD-B81B-D9FDCA2B65C2}
		{52E2F6E4-9297-41D9-9A94-4AB6267C1BDE} = {E1723012-3950-44FD-B81B-D9FDCA2B65C2}
		{7B7F0C8A-C8BC-4490-95F2-7736AE75DB0F} = {E1723012-3950-44FD-B81B-D9FDCA2B65C2}
		{C7FFB4D1-E532-4716-B73C-C581386475B0} = {E1723012-3950-44FD-B81B-D9FDCA2B65C2}
		{A8E7F81D-CFE6-4D6A-87C9-8BDB032825A9} = {76F4E46F-191D-4C3F-A9EE-885DB4DB8B43}
		{97BB3A0F-F159-4287-83E6-0345AA761DCE} = {76F4E46F-191D-4C3F-A9EE-885DB4DB8B43}
		{09D034BF-933B-483E-9997-36E705B0A14A} = {A8E7F81D-CFE6-4D6A-87C9-8BDB032825A9}
		{03C6EF7A-586D-4E9F-BA1F-8083D3BF86C2} = {97BB3A0F-F159-4287-83E6-0345AA761DCE}
		{4E180D88-F8BC-41CF-8222-ED6A4DCA8B13} = {97BB3A0F-F159-4287-83E6-0345AA761DCE}
		{6539DB23-7D92-4D89-BEC8-AD16BF7F9C0C} = {97BB3A0F-F159-4287-83E6-0345AA761DCE}
		{E0BDF2CA-0900-40DB-BD18-6351184E40B5} = {97BB3A0F-F159-4287-83E6-0345AA761DCE}
		{BB34FDC9-4848-4BD7-BCB4-1D0C36B0A175} = {DBBF66CB-2197-4094-8378-381699B0C4A2}
		{AFF80855-69C5-47E8-8D11-09EB611A6521} = {BB34FDC9-4848-4BD7-BCB4-1D0C36B0A175}
		{78528ECA-9150-4E87-9E74-ACDBB12A4BA5} = {BB34FDC9-4848-4BD7-BCB4-1D0C36B0A175}
	EndGlobalSection
EndGlobal
